// !$*UTF8*$!
{
	archiveVersion = 1;
	classes = {
	};
	objectVersion = 55;
	objects = {

/* Begin PBXBuildFile section */
		04B7B33F281968D60080AABD /* AppDelegate.swift in Sources */ = {isa = PBXBuildFile; fileRef = 04B7B33E281968D60080AABD /* AppDelegate.swift */; };
		04B7B341281968D60080AABD /* SceneDelegate.swift in Sources */ = {isa = PBXBuildFile; fileRef = 04B7B340281968D60080AABD /* SceneDelegate.swift */; };
		04B7B348281968D70080AABD /* Assets.xcassets in Resources */ = {isa = PBXBuildFile; fileRef = 04B7B347281968D70080AABD /* Assets.xcassets */; };
		04B7B34B281968D70080AABD /* LaunchScreen.storyboard in Resources */ = {isa = PBXBuildFile; fileRef = 04B7B349281968D70080AABD /* LaunchScreen.storyboard */; };
		04B7B35828196B890080AABD /* CoordinatorProtocol.swift in Sources */ = {isa = PBXBuildFile; fileRef = 04B7B35728196B890080AABD /* CoordinatorProtocol.swift */; };
		04B7B35B28196D2E0080AABD /* ClassifiedAdsViewController.swift in Sources */ = {isa = PBXBuildFile; fileRef = 04B7B35A28196D2E0080AABD /* ClassifiedAdsViewController.swift */; };
		04B7B35D28196E830080AABD /* ClassifiedAdsPresenter.swift in Sources */ = {isa = PBXBuildFile; fileRef = 04B7B35C28196E830080AABD /* ClassifiedAdsPresenter.swift */; };
		04B7B360281973550080AABD /* ClassifiedAdsCoordinator.swift in Sources */ = {isa = PBXBuildFile; fileRef = 04B7B35F281973550080AABD /* ClassifiedAdsCoordinator.swift */; };
		04B7B363281981550080AABD /* ClassifiedAd.swift in Sources */ = {isa = PBXBuildFile; fileRef = 04B7B362281981550080AABD /* ClassifiedAd.swift */; };
		04B7B365281981C90080AABD /* ImagesURL.swift in Sources */ = {isa = PBXBuildFile; fileRef = 04B7B364281981C90080AABD /* ImagesURL.swift */; };
		04B7B367281982860080AABD /* Category.swift in Sources */ = {isa = PBXBuildFile; fileRef = 04B7B366281982860080AABD /* Category.swift */; };
		04B7B36A2819DBC30080AABD /* RequestProtocol.swift in Sources */ = {isa = PBXBuildFile; fileRef = 04B7B3692819DBC30080AABD /* RequestProtocol.swift */; };
		04B7B36C2819DC5B0080AABD /* NetworkError.swift in Sources */ = {isa = PBXBuildFile; fileRef = 04B7B36B2819DC5B0080AABD /* NetworkError.swift */; };
		04B7B36E2819DCA50080AABD /* APIConstants.swift in Sources */ = {isa = PBXBuildFile; fileRef = 04B7B36D2819DCA50080AABD /* APIConstants.swift */; };
		04B7B3702819DD1B0080AABD /* RequestType.swift in Sources */ = {isa = PBXBuildFile; fileRef = 04B7B36F2819DD1B0080AABD /* RequestType.swift */; };
		04B7B3722819DD620080AABD /* APIManager.swift in Sources */ = {isa = PBXBuildFile; fileRef = 04B7B3712819DD620080AABD /* APIManager.swift */; };
		04B7B3752819DE760080AABD /* URLSession+Async.swift in Sources */ = {isa = PBXBuildFile; fileRef = 04B7B3742819DE760080AABD /* URLSession+Async.swift */; };
		04B7B3782819E1850080AABD /* ListingRequest.swift in Sources */ = {isa = PBXBuildFile; fileRef = 04B7B3772819E1850080AABD /* ListingRequest.swift */; };
		04B7B37A2819E60D0080AABD /* CategoriesRequest.swift in Sources */ = {isa = PBXBuildFile; fileRef = 04B7B3792819E60D0080AABD /* CategoriesRequest.swift */; };
		04B7B382281ABD590080AABD /* LeBonCoinAPIManagerTests.swift in Sources */ = {isa = PBXBuildFile; fileRef = 04B7B381281ABD590080AABD /* LeBonCoinAPIManagerTests.swift */; };
		04B7B38A281ABF550080AABD /* APIManagerMock.swift in Sources */ = {isa = PBXBuildFile; fileRef = 04B7B389281ABF550080AABD /* APIManagerMock.swift */; };
		04B7B38C281AC20E0080AABD /* ListingRequestMock.swift in Sources */ = {isa = PBXBuildFile; fileRef = 04B7B38B281AC20E0080AABD /* ListingRequestMock.swift */; };
		04B7B38F281AC54C0080AABD /* Listing.json in Resources */ = {isa = PBXBuildFile; fileRef = 04B7B38E281AC54C0080AABD /* Listing.json */; };
		04B7B391281ACF1C0080AABD /* FetchService.swift in Sources */ = {isa = PBXBuildFile; fileRef = 04B7B390281ACF1C0080AABD /* FetchService.swift */; };
		04B7B394281ADD6A0080AABD /* ClassifiedAdCell.swift in Sources */ = {isa = PBXBuildFile; fileRef = 04B7B393281ADD6A0080AABD /* ClassifiedAdCell.swift */; };
		04B7B397281ADDDE0080AABD /* ClassifiedAdContentConfiguration.swift in Sources */ = {isa = PBXBuildFile; fileRef = 04B7B396281ADDDE0080AABD /* ClassifiedAdContentConfiguration.swift */; };
		04B7B39A281AF9690080AABD /* ClassifiedAdContentView.swift in Sources */ = {isa = PBXBuildFile; fileRef = 04B7B399281AF9690080AABD /* ClassifiedAdContentView.swift */; };
		04B7B39D281C2F470080AABD /* UIImageView+ImageLoading.swift in Sources */ = {isa = PBXBuildFile; fileRef = 04B7B39C281C2F470080AABD /* UIImageView+ImageLoading.swift */; };
		04B7B3A0281D7F1F0080AABD /* TagView.swift in Sources */ = {isa = PBXBuildFile; fileRef = 04B7B39F281D7F1F0080AABD /* TagView.swift */; };
		04DCD249281F2FAB00684519 /* Double+CurrencyFormatter.swift in Sources */ = {isa = PBXBuildFile; fileRef = 04DCD248281F2FAB00684519 /* Double+CurrencyFormatter.swift */; };
		04DCD24B2820162F00684519 /* ClassifiedAdsPresenterTests.swift in Sources */ = {isa = PBXBuildFile; fileRef = 04DCD24A2820162F00684519 /* ClassifiedAdsPresenterTests.swift */; };
		04DCD24D2820170A00684519 /* FetchServiceMock.swift in Sources */ = {isa = PBXBuildFile; fileRef = 04DCD24C2820170A00684519 /* FetchServiceMock.swift */; };
		04DCD24F282018BA00684519 /* Categories.json in Resources */ = {isa = PBXBuildFile; fileRef = 04DCD24E282018BA00684519 /* Categories.json */; };
		04DCD25128201BE100684519 /* ClassifiedAdsViewMock.swift in Sources */ = {isa = PBXBuildFile; fileRef = 04DCD25028201BE100684519 /* ClassifiedAdsViewMock.swift */; };
		04DCD2552820868E00684519 /* ClassifiedAdDetailsViewController.swift in Sources */ = {isa = PBXBuildFile; fileRef = 04DCD2542820868E00684519 /* ClassifiedAdDetailsViewController.swift */; };
		04DCD2572820871B00684519 /* ClassifiedAdDetailsPresenter.swift in Sources */ = {isa = PBXBuildFile; fileRef = 04DCD2562820871B00684519 /* ClassifiedAdDetailsPresenter.swift */; };
		04DCD25928215A9300684519 /* Date+DateFormatter.swift in Sources */ = {isa = PBXBuildFile; fileRef = 04DCD25828215A9300684519 /* Date+DateFormatter.swift */; };
		04DCD25E2821844800684519 /* ClassifiedAdDetailsPresenterTests.swift in Sources */ = {isa = PBXBuildFile; fileRef = 04DCD25D2821844800684519 /* ClassifiedAdDetailsPresenterTests.swift */; };
		04DCD2602821862D00684519 /* ClassifiedAdDetailsViewMock.swift in Sources */ = {isa = PBXBuildFile; fileRef = 04DCD25F2821862D00684519 /* ClassifiedAdDetailsViewMock.swift */; };
/* End PBXBuildFile section */

/* Begin PBXContainerItemProxy section */
		04B7B383281ABD590080AABD /* PBXContainerItemProxy */ = {
			isa = PBXContainerItemProxy;
			containerPortal = 04B7B333281968D60080AABD /* Project object */;
			proxyType = 1;
			remoteGlobalIDString = 04B7B33A281968D60080AABD;
			remoteInfo = LeBonCoin;
		};
/* End PBXContainerItemProxy section */

/* Begin PBXFileReference section */
		04B7B33B281968D60080AABD /* LeBonCoin.app */ = {isa = PBXFileReference; explicitFileType = wrapper.application; includeInIndex = 0; path = LeBonCoin.app; sourceTree = BUILT_PRODUCTS_DIR; };
		04B7B33E281968D60080AABD /* AppDelegate.swift */ = {isa = PBXFileReference; lastKnownFileType = sourcecode.swift; path = AppDelegate.swift; sourceTree = "<group>"; };
		04B7B340281968D60080AABD /* SceneDelegate.swift */ = {isa = PBXFileReference; lastKnownFileType = sourcecode.swift; path = SceneDelegate.swift; sourceTree = "<group>"; };
		04B7B347281968D70080AABD /* Assets.xcassets */ = {isa = PBXFileReference; lastKnownFileType = folder.assetcatalog; path = Assets.xcassets; sourceTree = "<group>"; };
		04B7B34A281968D70080AABD /* Base */ = {isa = PBXFileReference; lastKnownFileType = file.storyboard; name = Base; path = Base.lproj/LaunchScreen.storyboard; sourceTree = "<group>"; };
		04B7B34C281968D70080AABD /* Info.plist */ = {isa = PBXFileReference; lastKnownFileType = text.plist.xml; path = Info.plist; sourceTree = "<group>"; };
		04B7B35728196B890080AABD /* CoordinatorProtocol.swift */ = {isa = PBXFileReference; lastKnownFileType = sourcecode.swift; path = CoordinatorProtocol.swift; sourceTree = "<group>"; };
		04B7B35A28196D2E0080AABD /* ClassifiedAdsViewController.swift */ = {isa = PBXFileReference; lastKnownFileType = sourcecode.swift; path = ClassifiedAdsViewController.swift; sourceTree = "<group>"; };
		04B7B35C28196E830080AABD /* ClassifiedAdsPresenter.swift */ = {isa = PBXFileReference; lastKnownFileType = sourcecode.swift; path = ClassifiedAdsPresenter.swift; sourceTree = "<group>"; };
		04B7B35F281973550080AABD /* ClassifiedAdsCoordinator.swift */ = {isa = PBXFileReference; lastKnownFileType = sourcecode.swift; path = ClassifiedAdsCoordinator.swift; sourceTree = "<group>"; };
		04B7B362281981550080AABD /* ClassifiedAd.swift */ = {isa = PBXFileReference; lastKnownFileType = sourcecode.swift; path = ClassifiedAd.swift; sourceTree = "<group>"; };
		04B7B364281981C90080AABD /* ImagesURL.swift */ = {isa = PBXFileReference; lastKnownFileType = sourcecode.swift; path = ImagesURL.swift; sourceTree = "<group>"; };
		04B7B366281982860080AABD /* Category.swift */ = {isa = PBXFileReference; lastKnownFileType = sourcecode.swift; path = Category.swift; sourceTree = "<group>"; };
		04B7B3692819DBC30080AABD /* RequestProtocol.swift */ = {isa = PBXFileReference; lastKnownFileType = sourcecode.swift; path = RequestProtocol.swift; sourceTree = "<group>"; };
		04B7B36B2819DC5B0080AABD /* NetworkError.swift */ = {isa = PBXFileReference; lastKnownFileType = sourcecode.swift; path = NetworkError.swift; sourceTree = "<group>"; };
		04B7B36D2819DCA50080AABD /* APIConstants.swift */ = {isa = PBXFileReference; lastKnownFileType = sourcecode.swift; path = APIConstants.swift; sourceTree = "<group>"; };
		04B7B36F2819DD1B0080AABD /* RequestType.swift */ = {isa = PBXFileReference; lastKnownFileType = sourcecode.swift; path = RequestType.swift; sourceTree = "<group>"; };
		04B7B3712819DD620080AABD /* APIManager.swift */ = {isa = PBXFileReference; lastKnownFileType = sourcecode.swift; path = APIManager.swift; sourceTree = "<group>"; };
		04B7B3742819DE760080AABD /* URLSession+Async.swift */ = {isa = PBXFileReference; lastKnownFileType = sourcecode.swift; path = "URLSession+Async.swift"; sourceTree = "<group>"; };
		04B7B3772819E1850080AABD /* ListingRequest.swift */ = {isa = PBXFileReference; lastKnownFileType = sourcecode.swift; path = ListingRequest.swift; sourceTree = "<group>"; };
		04B7B3792819E60D0080AABD /* CategoriesRequest.swift */ = {isa = PBXFileReference; lastKnownFileType = sourcecode.swift; path = CategoriesRequest.swift; sourceTree = "<group>"; };
		04B7B37F281ABD590080AABD /* LeBonCoinTests.xctest */ = {isa = PBXFileReference; explicitFileType = wrapper.cfbundle; includeInIndex = 0; path = LeBonCoinTests.xctest; sourceTree = BUILT_PRODUCTS_DIR; };
		04B7B381281ABD590080AABD /* LeBonCoinAPIManagerTests.swift */ = {isa = PBXFileReference; lastKnownFileType = sourcecode.swift; path = LeBonCoinAPIManagerTests.swift; sourceTree = "<group>"; };
		04B7B389281ABF550080AABD /* APIManagerMock.swift */ = {isa = PBXFileReference; lastKnownFileType = sourcecode.swift; path = APIManagerMock.swift; sourceTree = "<group>"; };
		04B7B38B281AC20E0080AABD /* ListingRequestMock.swift */ = {isa = PBXFileReference; lastKnownFileType = sourcecode.swift; path = ListingRequestMock.swift; sourceTree = "<group>"; };
		04B7B38E281AC54C0080AABD /* Listing.json */ = {isa = PBXFileReference; lastKnownFileType = text.json; path = Listing.json; sourceTree = "<group>"; };
		04B7B390281ACF1C0080AABD /* FetchService.swift */ = {isa = PBXFileReference; lastKnownFileType = sourcecode.swift; path = FetchService.swift; sourceTree = "<group>"; };
		04B7B393281ADD6A0080AABD /* ClassifiedAdCell.swift */ = {isa = PBXFileReference; lastKnownFileType = sourcecode.swift; path = ClassifiedAdCell.swift; sourceTree = "<group>"; };
		04B7B396281ADDDE0080AABD /* ClassifiedAdContentConfiguration.swift */ = {isa = PBXFileReference; lastKnownFileType = sourcecode.swift; path = ClassifiedAdContentConfiguration.swift; sourceTree = "<group>"; };
		04B7B399281AF9690080AABD /* ClassifiedAdContentView.swift */ = {isa = PBXFileReference; lastKnownFileType = sourcecode.swift; path = ClassifiedAdContentView.swift; sourceTree = "<group>"; };
		04B7B39C281C2F470080AABD /* UIImageView+ImageLoading.swift */ = {isa = PBXFileReference; lastKnownFileType = sourcecode.swift; path = "UIImageView+ImageLoading.swift"; sourceTree = "<group>"; };
		04B7B39F281D7F1F0080AABD /* TagView.swift */ = {isa = PBXFileReference; lastKnownFileType = sourcecode.swift; path = TagView.swift; sourceTree = "<group>"; };
		04DCD248281F2FAB00684519 /* Double+CurrencyFormatter.swift */ = {isa = PBXFileReference; lastKnownFileType = sourcecode.swift; path = "Double+CurrencyFormatter.swift"; sourceTree = "<group>"; };
		04DCD24A2820162F00684519 /* ClassifiedAdsPresenterTests.swift */ = {isa = PBXFileReference; lastKnownFileType = sourcecode.swift; path = ClassifiedAdsPresenterTests.swift; sourceTree = "<group>"; };
		04DCD24C2820170A00684519 /* FetchServiceMock.swift */ = {isa = PBXFileReference; lastKnownFileType = sourcecode.swift; path = FetchServiceMock.swift; sourceTree = "<group>"; };
		04DCD24E282018BA00684519 /* Categories.json */ = {isa = PBXFileReference; lastKnownFileType = text.json; path = Categories.json; sourceTree = "<group>"; };
		04DCD25028201BE100684519 /* ClassifiedAdsViewMock.swift */ = {isa = PBXFileReference; lastKnownFileType = sourcecode.swift; path = ClassifiedAdsViewMock.swift; sourceTree = "<group>"; };
		04DCD2542820868E00684519 /* ClassifiedAdDetailsViewController.swift */ = {isa = PBXFileReference; lastKnownFileType = sourcecode.swift; path = ClassifiedAdDetailsViewController.swift; sourceTree = "<group>"; };
		04DCD2562820871B00684519 /* ClassifiedAdDetailsPresenter.swift */ = {isa = PBXFileReference; lastKnownFileType = sourcecode.swift; path = ClassifiedAdDetailsPresenter.swift; sourceTree = "<group>"; };
		04DCD25828215A9300684519 /* Date+DateFormatter.swift */ = {isa = PBXFileReference; lastKnownFileType = sourcecode.swift; path = "Date+DateFormatter.swift"; sourceTree = "<group>"; };
		04DCD25D2821844800684519 /* ClassifiedAdDetailsPresenterTests.swift */ = {isa = PBXFileReference; lastKnownFileType = sourcecode.swift; path = ClassifiedAdDetailsPresenterTests.swift; sourceTree = "<group>"; };
		04DCD25F2821862D00684519 /* ClassifiedAdDetailsViewMock.swift */ = {isa = PBXFileReference; lastKnownFileType = sourcecode.swift; path = ClassifiedAdDetailsViewMock.swift; sourceTree = "<group>"; };
/* End PBXFileReference section */

/* Begin PBXFrameworksBuildPhase section */
		04B7B338281968D60080AABD /* Frameworks */ = {
			isa = PBXFrameworksBuildPhase;
			buildActionMask = 2147483647;
			files = (
			);
			runOnlyForDeploymentPostprocessing = 0;
		};
		04B7B37C281ABD590080AABD /* Frameworks */ = {
			isa = PBXFrameworksBuildPhase;
			buildActionMask = 2147483647;
			files = (
			);
			runOnlyForDeploymentPostprocessing = 0;
		};
/* End PBXFrameworksBuildPhase section */

/* Begin PBXGroup section */
		04B7B332281968D60080AABD = {
			isa = PBXGroup;
			children = (
				04B7B33D281968D60080AABD /* LeBonCoin */,
				04B7B380281ABD590080AABD /* LeBonCoinTests */,
				04B7B33C281968D60080AABD /* Products */,
			);
			sourceTree = "<group>";
		};
		04B7B33C281968D60080AABD /* Products */ = {
			isa = PBXGroup;
			children = (
				04B7B33B281968D60080AABD /* LeBonCoin.app */,
				04B7B37F281ABD590080AABD /* LeBonCoinTests.xctest */,
			);
			name = Products;
			sourceTree = "<group>";
		};
		04B7B33D281968D60080AABD /* LeBonCoin */ = {
			isa = PBXGroup;
			children = (
				04B7B35228196A0C0080AABD /* Core */,
				04B7B35528196A1E0080AABD /* Features */,
				04B7B33E281968D60080AABD /* AppDelegate.swift */,
				04B7B340281968D60080AABD /* SceneDelegate.swift */,
				04B7B347281968D70080AABD /* Assets.xcassets */,
				04B7B38D281AC5200080AABD /* JSON */,
				04B7B349281968D70080AABD /* LaunchScreen.storyboard */,
				04B7B34C281968D70080AABD /* Info.plist */,
			);
			path = LeBonCoin;
			sourceTree = "<group>";
		};
		04B7B35228196A0C0080AABD /* Core */ = {
			isa = PBXGroup;
			children = (
				04B7B35328196A100080AABD /* Domain */,
				04B7B35428196A160080AABD /* Data */,
				04B7B35628196A6B0080AABD /* Protocols */,
				04B7B39B281C2EE30080AABD /* Extensions */,
			);
			path = Core;
			sourceTree = "<group>";
		};
		04B7B35328196A100080AABD /* Domain */ = {
			isa = PBXGroup;
			children = (
				04B7B361281981470080AABD /* Models */,
			);
			path = Domain;
			sourceTree = "<group>";
		};
		04B7B35428196A160080AABD /* Data */ = {
			isa = PBXGroup;
			children = (
				04B7B3682819DBB60080AABD /* Networking */,
			);
			path = Data;
			sourceTree = "<group>";
		};
		04B7B35528196A1E0080AABD /* Features */ = {
			isa = PBXGroup;
			children = (
				04DCD2532820866D00684519 /* ClassifiedAdDetails */,
				04B7B35E281973400080AABD /* Coordinators */,
				04B7B35928196C050080AABD /* ClassifiedAds */,
			);
			path = Features;
			sourceTree = "<group>";
		};
		04B7B35628196A6B0080AABD /* Protocols */ = {
			isa = PBXGroup;
			children = (
				04B7B35728196B890080AABD /* CoordinatorProtocol.swift */,
			);
			path = Protocols;
			sourceTree = "<group>";
		};
		04B7B35928196C050080AABD /* ClassifiedAds */ = {
			isa = PBXGroup;
			children = (
				04B7B39E281C5EDB0080AABD /* Services */,
				04B7B398281AF9290080AABD /* ContentViews */,
				04B7B395281ADD8A0080AABD /* ContentConfigurations */,
				04B7B392281AD8F00080AABD /* Cells */,
				04B7B35A28196D2E0080AABD /* ClassifiedAdsViewController.swift */,
				04B7B35C28196E830080AABD /* ClassifiedAdsPresenter.swift */,
				04B7B39F281D7F1F0080AABD /* TagView.swift */,
			);
			path = ClassifiedAds;
			sourceTree = "<group>";
		};
		04B7B35E281973400080AABD /* Coordinators */ = {
			isa = PBXGroup;
			children = (
				04B7B35F281973550080AABD /* ClassifiedAdsCoordinator.swift */,
			);
			path = Coordinators;
			sourceTree = "<group>";
		};
		04B7B361281981470080AABD /* Models */ = {
			isa = PBXGroup;
			children = (
				04B7B362281981550080AABD /* ClassifiedAd.swift */,
				04B7B364281981C90080AABD /* ImagesURL.swift */,
				04B7B366281982860080AABD /* Category.swift */,
			);
			path = Models;
			sourceTree = "<group>";
		};
		04B7B3682819DBB60080AABD /* Networking */ = {
			isa = PBXGroup;
			children = (
				04B7B3762819E1710080AABD /* Requests */,
				04B7B3732819DE5D0080AABD /* Extensions */,
				04B7B36B2819DC5B0080AABD /* NetworkError.swift */,
				04B7B36D2819DCA50080AABD /* APIConstants.swift */,
				04B7B3712819DD620080AABD /* APIManager.swift */,
			);
			path = Networking;
			sourceTree = "<group>";
		};
		04B7B3732819DE5D0080AABD /* Extensions */ = {
			isa = PBXGroup;
			children = (
				04B7B3742819DE760080AABD /* URLSession+Async.swift */,
			);
			path = Extensions;
			sourceTree = "<group>";
		};
		04B7B3762819E1710080AABD /* Requests */ = {
			isa = PBXGroup;
			children = (
				04B7B3692819DBC30080AABD /* RequestProtocol.swift */,
				04B7B36F2819DD1B0080AABD /* RequestType.swift */,
				04B7B3772819E1850080AABD /* ListingRequest.swift */,
				04B7B3792819E60D0080AABD /* CategoriesRequest.swift */,
			);
			path = Requests;
			sourceTree = "<group>";
		};
		04B7B380281ABD590080AABD /* LeBonCoinTests */ = {
			isa = PBXGroup;
			children = (
				04DCD25C282183DC00684519 /* ClassifiedAdDetails */,
				04DCD2522820545200684519 /* ClassifiedAdsTests */,
				04B7B388281ABF470080AABD /* Mocks */,
				04B7B381281ABD590080AABD /* LeBonCoinAPIManagerTests.swift */,
			);
			path = LeBonCoinTests;
			sourceTree = "<group>";
		};
		04B7B388281ABF470080AABD /* Mocks */ = {
			isa = PBXGroup;
			children = (
				04B7B389281ABF550080AABD /* APIManagerMock.swift */,
				04B7B38B281AC20E0080AABD /* ListingRequestMock.swift */,
			);
			path = Mocks;
			sourceTree = "<group>";
		};
		04B7B38D281AC5200080AABD /* JSON */ = {
			isa = PBXGroup;
			children = (
				04B7B38E281AC54C0080AABD /* Listing.json */,
				04DCD24E282018BA00684519 /* Categories.json */,
			);
			path = JSON;
			sourceTree = "<group>";
		};
		04B7B392281AD8F00080AABD /* Cells */ = {
			isa = PBXGroup;
			children = (
				04B7B393281ADD6A0080AABD /* ClassifiedAdCell.swift */,
			);
			path = Cells;
			sourceTree = "<group>";
		};
		04B7B395281ADD8A0080AABD /* ContentConfigurations */ = {
			isa = PBXGroup;
			children = (
				04B7B396281ADDDE0080AABD /* ClassifiedAdContentConfiguration.swift */,
			);
			path = ContentConfigurations;
			sourceTree = "<group>";
		};
		04B7B398281AF9290080AABD /* ContentViews */ = {
			isa = PBXGroup;
			children = (
				04B7B399281AF9690080AABD /* ClassifiedAdContentView.swift */,
			);
			path = ContentViews;
			sourceTree = "<group>";
		};
		04B7B39B281C2EE30080AABD /* Extensions */ = {
			isa = PBXGroup;
			children = (
				04B7B39C281C2F470080AABD /* UIImageView+ImageLoading.swift */,
				04DCD248281F2FAB00684519 /* Double+CurrencyFormatter.swift */,
				04DCD25828215A9300684519 /* Date+DateFormatter.swift */,
			);
			path = Extensions;
			sourceTree = "<group>";
		};
		04B7B39E281C5EDB0080AABD /* Services */ = {
			isa = PBXGroup;
			children = (
				04B7B390281ACF1C0080AABD /* FetchService.swift */,
			);
			path = Services;
			sourceTree = "<group>";
		};
		04DCD2522820545200684519 /* ClassifiedAdsTests */ = {
			isa = PBXGroup;
			children = (
				04DCD24A2820162F00684519 /* ClassifiedAdsPresenterTests.swift */,
				04DCD25028201BE100684519 /* ClassifiedAdsViewMock.swift */,
				04DCD24C2820170A00684519 /* FetchServiceMock.swift */,
			);
			path = ClassifiedAdsTests;
			sourceTree = "<group>";
		};
		04DCD2532820866D00684519 /* ClassifiedAdDetails */ = {
			isa = PBXGroup;
			children = (
				04DCD2542820868E00684519 /* ClassifiedAdDetailsViewController.swift */,
				04DCD2562820871B00684519 /* ClassifiedAdDetailsPresenter.swift */,
			);
			path = ClassifiedAdDetails;
			sourceTree = "<group>";
		};
		04DCD25C282183DC00684519 /* ClassifiedAdDetails */ = {
			isa = PBXGroup;
			children = (
				04DCD25D2821844800684519 /* ClassifiedAdDetailsPresenterTests.swift */,
				04DCD25F2821862D00684519 /* ClassifiedAdDetailsViewMock.swift */,
			);
			path = ClassifiedAdDetails;
			sourceTree = "<group>";
		};
/* End PBXGroup section */

/* Begin PBXNativeTarget section */
		04B7B33A281968D60080AABD /* LeBonCoin */ = {
			isa = PBXNativeTarget;
			buildConfigurationList = 04B7B34F281968D70080AABD /* Build configuration list for PBXNativeTarget "LeBonCoin" */;
			buildPhases = (
				04B7B337281968D60080AABD /* Sources */,
				04B7B338281968D60080AABD /* Frameworks */,
				04B7B339281968D60080AABD /* Resources */,
			);
			buildRules = (
			);
			dependencies = (
			);
			name = LeBonCoin;
			productName = LeBonCoin;
			productReference = 04B7B33B281968D60080AABD /* LeBonCoin.app */;
			productType = "com.apple.product-type.application";
		};
		04B7B37E281ABD590080AABD /* LeBonCoinTests */ = {
			isa = PBXNativeTarget;
			buildConfigurationList = 04B7B385281ABD590080AABD /* Build configuration list for PBXNativeTarget "LeBonCoinTests" */;
			buildPhases = (
				04B7B37B281ABD590080AABD /* Sources */,
				04B7B37C281ABD590080AABD /* Frameworks */,
				04B7B37D281ABD590080AABD /* Resources */,
			);
			buildRules = (
			);
			dependencies = (
				04B7B384281ABD590080AABD /* PBXTargetDependency */,
			);
			name = LeBonCoinTests;
			productName = LeBonCoinTests;
			productReference = 04B7B37F281ABD590080AABD /* LeBonCoinTests.xctest */;
			productType = "com.apple.product-type.bundle.unit-test";
		};
/* End PBXNativeTarget section */

/* Begin PBXProject section */
		04B7B333281968D60080AABD /* Project object */ = {
			isa = PBXProject;
			attributes = {
				BuildIndependentTargetsInParallel = 1;
				LastSwiftUpdateCheck = 1330;
				LastUpgradeCheck = 1330;
				TargetAttributes = {
					04B7B33A281968D60080AABD = {
						CreatedOnToolsVersion = 13.3.1;
					};
					04B7B37E281ABD590080AABD = {
						CreatedOnToolsVersion = 13.3.1;
						TestTargetID = 04B7B33A281968D60080AABD;
					};
				};
			};
			buildConfigurationList = 04B7B336281968D60080AABD /* Build configuration list for PBXProject "LeBonCoin" */;
			compatibilityVersion = "Xcode 13.0";
			developmentRegion = en;
			hasScannedForEncodings = 0;
			knownRegions = (
				en,
				Base,
			);
			mainGroup = 04B7B332281968D60080AABD;
			productRefGroup = 04B7B33C281968D60080AABD /* Products */;
			projectDirPath = "";
			projectRoot = "";
			targets = (
				04B7B33A281968D60080AABD /* LeBonCoin */,
				04B7B37E281ABD590080AABD /* LeBonCoinTests */,
			);
		};
/* End PBXProject section */

/* Begin PBXResourcesBuildPhase section */
		04B7B339281968D60080AABD /* Resources */ = {
			isa = PBXResourcesBuildPhase;
			buildActionMask = 2147483647;
			files = (
				04B7B38F281AC54C0080AABD /* Listing.json in Resources */,
				04DCD24F282018BA00684519 /* Categories.json in Resources */,
				04B7B34B281968D70080AABD /* LaunchScreen.storyboard in Resources */,
				04B7B348281968D70080AABD /* Assets.xcassets in Resources */,
			);
			runOnlyForDeploymentPostprocessing = 0;
		};
		04B7B37D281ABD590080AABD /* Resources */ = {
			isa = PBXResourcesBuildPhase;
			buildActionMask = 2147483647;
			files = (
			);
			runOnlyForDeploymentPostprocessing = 0;
		};
/* End PBXResourcesBuildPhase section */

/* Begin PBXSourcesBuildPhase section */
		04B7B337281968D60080AABD /* Sources */ = {
			isa = PBXSourcesBuildPhase;
			buildActionMask = 2147483647;
			files = (
				04B7B33F281968D60080AABD /* AppDelegate.swift in Sources */,
				04B7B363281981550080AABD /* ClassifiedAd.swift in Sources */,
				04B7B3782819E1850080AABD /* ListingRequest.swift in Sources */,
				04B7B3702819DD1B0080AABD /* RequestType.swift in Sources */,
				04B7B35828196B890080AABD /* CoordinatorProtocol.swift in Sources */,
				04B7B365281981C90080AABD /* ImagesURL.swift in Sources */,
				04B7B341281968D60080AABD /* SceneDelegate.swift in Sources */,
				04B7B3722819DD620080AABD /* APIManager.swift in Sources */,
				04B7B3A0281D7F1F0080AABD /* TagView.swift in Sources */,
				04B7B3752819DE760080AABD /* URLSession+Async.swift in Sources */,
				04B7B367281982860080AABD /* Category.swift in Sources */,
				04DCD2572820871B00684519 /* ClassifiedAdDetailsPresenter.swift in Sources */,
				04B7B394281ADD6A0080AABD /* ClassifiedAdCell.swift in Sources */,
				04B7B360281973550080AABD /* ClassifiedAdsCoordinator.swift in Sources */,
				04B7B397281ADDDE0080AABD /* ClassifiedAdContentConfiguration.swift in Sources */,
				04B7B35D28196E830080AABD /* ClassifiedAdsPresenter.swift in Sources */,
				04B7B36E2819DCA50080AABD /* APIConstants.swift in Sources */,
				04B7B391281ACF1C0080AABD /* FetchService.swift in Sources */,
				04B7B35B28196D2E0080AABD /* ClassifiedAdsViewController.swift in Sources */,
				04B7B36C2819DC5B0080AABD /* NetworkError.swift in Sources */,
				04B7B39A281AF9690080AABD /* ClassifiedAdContentView.swift in Sources */,
				04B7B37A2819E60D0080AABD /* CategoriesRequest.swift in Sources */,
				04B7B36A2819DBC30080AABD /* RequestProtocol.swift in Sources */,
				04DCD25928215A9300684519 /* Date+DateFormatter.swift in Sources */,
				04DCD249281F2FAB00684519 /* Double+CurrencyFormatter.swift in Sources */,
				04B7B39D281C2F470080AABD /* UIImageView+ImageLoading.swift in Sources */,
				04DCD2552820868E00684519 /* ClassifiedAdDetailsViewController.swift in Sources */,
			);
			runOnlyForDeploymentPostprocessing = 0;
		};
		04B7B37B281ABD590080AABD /* Sources */ = {
			isa = PBXSourcesBuildPhase;
			buildActionMask = 2147483647;
			files = (
				04DCD25E2821844800684519 /* ClassifiedAdDetailsPresenterTests.swift in Sources */,
				04DCD2602821862D00684519 /* ClassifiedAdDetailsViewMock.swift in Sources */,
				04DCD25128201BE100684519 /* ClassifiedAdsViewMock.swift in Sources */,
				04B7B38A281ABF550080AABD /* APIManagerMock.swift in Sources */,
				04DCD24D2820170A00684519 /* FetchServiceMock.swift in Sources */,
				04B7B38C281AC20E0080AABD /* ListingRequestMock.swift in Sources */,
				04DCD24B2820162F00684519 /* ClassifiedAdsPresenterTests.swift in Sources */,
				04B7B382281ABD590080AABD /* LeBonCoinAPIManagerTests.swift in Sources */,
			);
			runOnlyForDeploymentPostprocessing = 0;
		};
/* End PBXSourcesBuildPhase section */

/* Begin PBXTargetDependency section */
		04B7B384281ABD590080AABD /* PBXTargetDependency */ = {
			isa = PBXTargetDependency;
			target = 04B7B33A281968D60080AABD /* LeBonCoin */;
			targetProxy = 04B7B383281ABD590080AABD /* PBXContainerItemProxy */;
		};
/* End PBXTargetDependency section */

/* Begin PBXVariantGroup section */
		04B7B349281968D70080AABD /* LaunchScreen.storyboard */ = {
			isa = PBXVariantGroup;
			children = (
				04B7B34A281968D70080AABD /* Base */,
			);
			name = LaunchScreen.storyboard;
			sourceTree = "<group>";
		};
/* End PBXVariantGroup section */

/* Begin XCBuildConfiguration section */
		04B7B34D281968D70080AABD /* Debug */ = {
			isa = XCBuildConfiguration;
			buildSettings = {
				ALWAYS_SEARCH_USER_PATHS = NO;
				CLANG_ANALYZER_NONNULL = YES;
				CLANG_ANALYZER_NUMBER_OBJECT_CONVERSION = YES_AGGRESSIVE;
				CLANG_CXX_LANGUAGE_STANDARD = "gnu++17";
				CLANG_ENABLE_MODULES = YES;
				CLANG_ENABLE_OBJC_ARC = YES;
				CLANG_ENABLE_OBJC_WEAK = YES;
				CLANG_WARN_BLOCK_CAPTURE_AUTORELEASING = YES;
				CLANG_WARN_BOOL_CONVERSION = YES;
				CLANG_WARN_COMMA = YES;
				CLANG_WARN_CONSTANT_CONVERSION = YES;
				CLANG_WARN_DEPRECATED_OBJC_IMPLEMENTATIONS = YES;
				CLANG_WARN_DIRECT_OBJC_ISA_USAGE = YES_ERROR;
				CLANG_WARN_DOCUMENTATION_COMMENTS = YES;
				CLANG_WARN_EMPTY_BODY = YES;
				CLANG_WARN_ENUM_CONVERSION = YES;
				CLANG_WARN_INFINITE_RECURSION = YES;
				CLANG_WARN_INT_CONVERSION = YES;
				CLANG_WARN_NON_LITERAL_NULL_CONVERSION = YES;
				CLANG_WARN_OBJC_IMPLICIT_RETAIN_SELF = YES;
				CLANG_WARN_OBJC_LITERAL_CONVERSION = YES;
				CLANG_WARN_OBJC_ROOT_CLASS = YES_ERROR;
				CLANG_WARN_QUOTED_INCLUDE_IN_FRAMEWORK_HEADER = YES;
				CLANG_WARN_RANGE_LOOP_ANALYSIS = YES;
				CLANG_WARN_STRICT_PROTOTYPES = YES;
				CLANG_WARN_SUSPICIOUS_MOVE = YES;
				CLANG_WARN_UNGUARDED_AVAILABILITY = YES_AGGRESSIVE;
				CLANG_WARN_UNREACHABLE_CODE = YES;
				CLANG_WARN__DUPLICATE_METHOD_MATCH = YES;
				COPY_PHASE_STRIP = NO;
				DEBUG_INFORMATION_FORMAT = dwarf;
				ENABLE_STRICT_OBJC_MSGSEND = YES;
				ENABLE_TESTABILITY = YES;
				GCC_C_LANGUAGE_STANDARD = gnu11;
				GCC_DYNAMIC_NO_PIC = NO;
				GCC_NO_COMMON_BLOCKS = YES;
				GCC_OPTIMIZATION_LEVEL = 0;
				GCC_PREPROCESSOR_DEFINITIONS = (
					"DEBUG=1",
					"$(inherited)",
				);
				GCC_WARN_64_TO_32_BIT_CONVERSION = YES;
				GCC_WARN_ABOUT_RETURN_TYPE = YES_ERROR;
				GCC_WARN_UNDECLARED_SELECTOR = YES;
				GCC_WARN_UNINITIALIZED_AUTOS = YES_AGGRESSIVE;
				GCC_WARN_UNUSED_FUNCTION = YES;
				GCC_WARN_UNUSED_VARIABLE = YES;
				IPHONEOS_DEPLOYMENT_TARGET = 15.4;
				MTL_ENABLE_DEBUG_INFO = INCLUDE_SOURCE;
				MTL_FAST_MATH = YES;
				ONLY_ACTIVE_ARCH = YES;
				SDKROOT = iphoneos;
				SWIFT_ACTIVE_COMPILATION_CONDITIONS = DEBUG;
				SWIFT_OPTIMIZATION_LEVEL = "-Onone";
			};
			name = Debug;
		};
		04B7B34E281968D70080AABD /* Release */ = {
			isa = XCBuildConfiguration;
			buildSettings = {
				ALWAYS_SEARCH_USER_PATHS = NO;
				CLANG_ANALYZER_NONNULL = YES;
				CLANG_ANALYZER_NUMBER_OBJECT_CONVERSION = YES_AGGRESSIVE;
				CLANG_CXX_LANGUAGE_STANDARD = "gnu++17";
				CLANG_ENABLE_MODULES = YES;
				CLANG_ENABLE_OBJC_ARC = YES;
				CLANG_ENABLE_OBJC_WEAK = YES;
				CLANG_WARN_BLOCK_CAPTURE_AUTORELEASING = YES;
				CLANG_WARN_BOOL_CONVERSION = YES;
				CLANG_WARN_COMMA = YES;
				CLANG_WARN_CONSTANT_CONVERSION = YES;
				CLANG_WARN_DEPRECATED_OBJC_IMPLEMENTATIONS = YES;
				CLANG_WARN_DIRECT_OBJC_ISA_USAGE = YES_ERROR;
				CLANG_WARN_DOCUMENTATION_COMMENTS = YES;
				CLANG_WARN_EMPTY_BODY = YES;
				CLANG_WARN_ENUM_CONVERSION = YES;
				CLANG_WARN_INFINITE_RECURSION = YES;
				CLANG_WARN_INT_CONVERSION = YES;
				CLANG_WARN_NON_LITERAL_NULL_CONVERSION = YES;
				CLANG_WARN_OBJC_IMPLICIT_RETAIN_SELF = YES;
				CLANG_WARN_OBJC_LITERAL_CONVERSION = YES;
				CLANG_WARN_OBJC_ROOT_CLASS = YES_ERROR;
				CLANG_WARN_QUOTED_INCLUDE_IN_FRAMEWORK_HEADER = YES;
				CLANG_WARN_RANGE_LOOP_ANALYSIS = YES;
				CLANG_WARN_STRICT_PROTOTYPES = YES;
				CLANG_WARN_SUSPICIOUS_MOVE = YES;
				CLANG_WARN_UNGUARDED_AVAILABILITY = YES_AGGRESSIVE;
				CLANG_WARN_UNREACHABLE_CODE = YES;
				CLANG_WARN__DUPLICATE_METHOD_MATCH = YES;
				COPY_PHASE_STRIP = NO;
				DEBUG_INFORMATION_FORMAT = "dwarf-with-dsym";
				ENABLE_NS_ASSERTIONS = NO;
				ENABLE_STRICT_OBJC_MSGSEND = YES;
				GCC_C_LANGUAGE_STANDARD = gnu11;
				GCC_NO_COMMON_BLOCKS = YES;
				GCC_WARN_64_TO_32_BIT_CONVERSION = YES;
				GCC_WARN_ABOUT_RETURN_TYPE = YES_ERROR;
				GCC_WARN_UNDECLARED_SELECTOR = YES;
				GCC_WARN_UNINITIALIZED_AUTOS = YES_AGGRESSIVE;
				GCC_WARN_UNUSED_FUNCTION = YES;
				GCC_WARN_UNUSED_VARIABLE = YES;
				IPHONEOS_DEPLOYMENT_TARGET = 15.4;
				MTL_ENABLE_DEBUG_INFO = NO;
				MTL_FAST_MATH = YES;
				SDKROOT = iphoneos;
				SWIFT_COMPILATION_MODE = wholemodule;
				SWIFT_OPTIMIZATION_LEVEL = "-O";
				VALIDATE_PRODUCT = YES;
			};
			name = Release;
		};
		04B7B350281968D70080AABD /* Debug */ = {
			isa = XCBuildConfiguration;
			buildSettings = {
				ASSETCATALOG_COMPILER_APPICON_NAME = AppIcon;
				ASSETCATALOG_COMPILER_GLOBAL_ACCENT_COLOR_NAME = AccentColor;
				CODE_SIGN_STYLE = Automatic;
				CURRENT_PROJECT_VERSION = 1;
				DEVELOPMENT_TEAM = 7Q79JZTPP9;
				GENERATE_INFOPLIST_FILE = YES;
				INFOPLIST_FILE = LeBonCoin/Info.plist;
				INFOPLIST_KEY_UIApplicationSupportsIndirectInputEvents = YES;
				INFOPLIST_KEY_UILaunchStoryboardName = LaunchScreen;
				INFOPLIST_KEY_UISupportedInterfaceOrientations_iPad = "UIInterfaceOrientationPortrait UIInterfaceOrientationPortraitUpsideDown UIInterfaceOrientationLandscapeLeft UIInterfaceOrientationLandscapeRight";
				INFOPLIST_KEY_UISupportedInterfaceOrientations_iPhone = "UIInterfaceOrientationPortrait UIInterfaceOrientationLandscapeLeft UIInterfaceOrientationLandscapeRight";
				IPHONEOS_DEPLOYMENT_TARGET = 14.0;
				LD_RUNPATH_SEARCH_PATHS = (
					"$(inherited)",
					"@executable_path/Frameworks",
				);
				MARKETING_VERSION = 1.0;
				PRODUCT_BUNDLE_IDENTIFIER = com.adriengrondin.LeBonCoin;
				PRODUCT_NAME = "$(TARGET_NAME)";
				SWIFT_EMIT_LOC_STRINGS = YES;
				SWIFT_VERSION = 5.0;
				TARGETED_DEVICE_FAMILY = "1,2";
			};
			name = Debug;
		};
		04B7B351281968D70080AABD /* Release */ = {
			isa = XCBuildConfiguration;
			buildSettings = {
				ASSETCATALOG_COMPILER_APPICON_NAME = AppIcon;
				ASSETCATALOG_COMPILER_GLOBAL_ACCENT_COLOR_NAME = AccentColor;
				CODE_SIGN_STYLE = Automatic;
				CURRENT_PROJECT_VERSION = 1;
				DEVELOPMENT_TEAM = 7Q79JZTPP9;
				GENERATE_INFOPLIST_FILE = YES;
				INFOPLIST_FILE = LeBonCoin/Info.plist;
				INFOPLIST_KEY_UIApplicationSupportsIndirectInputEvents = YES;
				INFOPLIST_KEY_UILaunchStoryboardName = LaunchScreen;
				INFOPLIST_KEY_UISupportedInterfaceOrientations_iPad = "UIInterfaceOrientationPortrait UIInterfaceOrientationPortraitUpsideDown UIInterfaceOrientationLandscapeLeft UIInterfaceOrientationLandscapeRight";
				INFOPLIST_KEY_UISupportedInterfaceOrientations_iPhone = "UIInterfaceOrientationPortrait UIInterfaceOrientationLandscapeLeft UIInterfaceOrientationLandscapeRight";
				IPHONEOS_DEPLOYMENT_TARGET = 14.0;
				LD_RUNPATH_SEARCH_PATHS = (
					"$(inherited)",
					"@executable_path/Frameworks",
				);
				MARKETING_VERSION = 1.0;
				PRODUCT_BUNDLE_IDENTIFIER = com.adriengrondin.LeBonCoin;
				PRODUCT_NAME = "$(TARGET_NAME)";
				SWIFT_EMIT_LOC_STRINGS = YES;
				SWIFT_VERSION = 5.0;
				TARGETED_DEVICE_FAMILY = "1,2";
			};
			name = Release;
		};
		04B7B386281ABD590080AABD /* Debug */ = {
			isa = XCBuildConfiguration;
			buildSettings = {
				BUNDLE_LOADER = "$(TEST_HOST)";
				CODE_SIGN_STYLE = Automatic;
				CURRENT_PROJECT_VERSION = 1;
				DEVELOPMENT_TEAM = 7Q79JZTPP9;
				GENERATE_INFOPLIST_FILE = YES;
				MARKETING_VERSION = 1.0;
				PRODUCT_BUNDLE_IDENTIFIER = com.adriengrondin.LeBonCoinTests;
				PRODUCT_NAME = "$(TARGET_NAME)";
				SWIFT_EMIT_LOC_STRINGS = NO;
				SWIFT_VERSION = 5.0;
				TARGETED_DEVICE_FAMILY = "1,2";
				TEST_HOST = "$(BUILT_PRODUCTS_DIR)/LeBonCoin.app/LeBonCoin";
			};
			name = Debug;
		};
		04B7B387281ABD590080AABD /* Release */ = {
			isa = XCBuildConfiguration;
			buildSettings = {
				BUNDLE_LOADER = "$(TEST_HOST)";
				CODE_SIGN_STYLE = Automatic;
				CURRENT_PROJECT_VERSION = 1;
				DEVELOPMENT_TEAM = 7Q79JZTPP9;
				GENERATE_INFOPLIST_FILE = YES;
				MARKETING_VERSION = 1.0;
				PRODUCT_BUNDLE_IDENTIFIER = com.adriengrondin.LeBonCoinTests;
				PRODUCT_NAME = "$(TARGET_NAME)";
				SWIFT_EMIT_LOC_STRINGS = NO;
				SWIFT_VERSION = 5.0;
				TARGETED_DEVICE_FAMILY = "1,2";
				TEST_HOST = "$(BUILT_PRODUCTS_DIR)/LeBonCoin.app/LeBonCoin";
			};
			name = Release;
		};
/* End XCBuildConfiguration section */

/* Begin XCConfigurationList section */
		04B7B336281968D60080AABD /* Build configuration list for PBXProject "LeBonCoin" */ = {
			isa = XCConfigurationList;
			buildConfigurations = (
				04B7B34D281968D70080AABD /* Debug */,
				04B7B34E281968D70080AABD /* Release */,
			);
			defaultConfigurationIsVisible = 0;
			defaultConfigurationName = Release;
		};
		04B7B34F281968D70080AABD /* Build configuration list for PBXNativeTarget "LeBonCoin" */ = {
			isa = XCConfigurationList;
			buildConfigurations = (
				04B7B350281968D70080AABD /* Debug */,
				04B7B351281968D70080AABD /* Release */,
			);
			defaultConfigurationIsVisible = 0;
			defaultConfigurationName = Release;
		};
		04B7B385281ABD590080AABD /* Build configuration list for PBXNativeTarget "LeBonCoinTests" */ = {
			isa = XCConfigurationList;
			buildConfigurations = (
				04B7B386281ABD590080AABD /* Debug */,
				04B7B387281ABD590080AABD /* Release */,
			);
			defaultConfigurationIsVisible = 0;
			defaultConfigurationName = Release;
		};
/* End XCConfigurationList section */
	};
	rootObject = 04B7B333281968D60080AABD /* Project object */;
}
